
Microsoft Visual Studio Solution File, Format Version 12.00
# Visual Studio Version 17
VisualStudioVersion = 17.1.32228.430
MinimumVisualStudioVersion = 10.0.40219.1
Project("{FAE04EC0-301F-11D3-BF4B-00C04F79EFBC}") = "LibV", "LibV\LibV.csproj", "{101B4575-92B4-4D9A-A0F1-F9A84712EF5C}"
EndProject
Global
	GlobalSection(SolutionConfigurationPlatforms) = preSolution
		Debug|Any CPU = Debug|Any CPU
		Release|Any CPU = Release|Any CPU
	EndGlobalSection
	GlobalSection(ProjectConfigurationPlatforms) = postSolution
		{101B4575-92B4-4D9A-A0F1-F9A84712EF5C}.Debug|Any CPU.ActiveCfg = Debug|Any CPU
		{101B4575-92B4-4D9A-A0F1-F9A84712EF5C}.Debug|Any CPU.Build.0 = Debug|Any CPU
		{101B4575-92B4-4D9A-A0F1-F9A84712EF5C}.Release|Any CPU.ActiveCfg = Release|Any CPU
		{101B4575-92B4-4D9A-A0F1-F9A84712EF5C}.Release|Any CPU.Build.0 = Release|Any CPU
	EndGlobalSection
	GlobalSection(SolutionProperties) = preSolution
		HideSolutionNode = FALSE
	EndGlobalSection
	GlobalSection(ExtensibilityGlobals) = postSolution
		SolutionGuid = {CAA0D4D5-FF3B-407A-8121-EB8815C5FFA9}
	EndGlobalSection
EndGlobal
